
Microsoft Visual Studio Solution File, Format Version 12.00
# Visual Studio Version 16
VisualStudioVersion = 16.0.29123.88
MinimumVisualStudioVersion = 10.0.40219.1
Project("{9A19103F-16F7-4668-BE54-9A1E7A4F7556}") = "Nandaka.Tests", "Nandaka.Tests\Nandaka.Tests.csproj", "{87A92CCB-A06E-4AF2-8D5C-159EDC9EDE8D}"
EndProject
Project("{FAE04EC0-301F-11D3-BF4B-00C04F79EFBC}") = "Nandaka.Core", "Nandaka.Core\Nandaka.Core.csproj", "{1297A956-9D67-4B54-B916-E2EE01331649}"
EndProject
Project("{FAE04EC0-301F-11D3-BF4B-00C04F79EFBC}") = "Nandaka.MilliGanjubus", "Nandaka.MilliGanjubus\Nandaka.MilliGanjubus.csproj", "{1AB4E83F-6FAD-4F42-8137-56CF7874BF25}"
EndProject
Project("{FAE04EC0-301F-11D3-BF4B-00C04F79EFBC}") = "Example", "Example\Example.csproj", "{0D8A88BE-B5DF-4194-A4D2-6389F31CC968}"
EndProject
Project("{FAE04EC0-301F-11D3-BF4B-00C04F79EFBC}") = "Nandaka.Serilog", "Nandaka.Serilog\Nandaka.Serilog.csproj", "{1F85EE1C-AB24-4C34-813D-135D98F1623F}"
EndProject
Project("{FAE04EC0-301F-11D3-BF4B-00C04F79EFBC}") = "Nandaka.DeviceSourceGenerator", "Nandaka.DeviceSourceGenerator\Nandaka.DeviceSourceGenerator.csproj", "{E7B26A37-31BF-4AEE-A2DE-7E463A3A0859}"
EndProject
Project("{FAE04EC0-301F-11D3-BF4B-00C04F79EFBC}") = "Nandaka.Model", "Nandaka.Model\Nandaka.Model.csproj", "{30029BA3-30FA-4E50-9FE1-8C31FB23DF40}"
EndProject
Global
	GlobalSection(SolutionConfigurationPlatforms) = preSolution
		Debug|Any CPU = Debug|Any CPU
		Release|Any CPU = Release|Any CPU
	EndGlobalSection
	GlobalSection(ProjectConfigurationPlatforms) = postSolution
		{87A92CCB-A06E-4AF2-8D5C-159EDC9EDE8D}.Debug|Any CPU.ActiveCfg = Debug|Any CPU
		{87A92CCB-A06E-4AF2-8D5C-159EDC9EDE8D}.Debug|Any CPU.Build.0 = Debug|Any CPU
		{87A92CCB-A06E-4AF2-8D5C-159EDC9EDE8D}.Release|Any CPU.ActiveCfg = Release|Any CPU
		{87A92CCB-A06E-4AF2-8D5C-159EDC9EDE8D}.Release|Any CPU.Build.0 = Release|Any CPU
		{1297A956-9D67-4B54-B916-E2EE01331649}.Debug|Any CPU.ActiveCfg = Debug|Any CPU
		{1297A956-9D67-4B54-B916-E2EE01331649}.Debug|Any CPU.Build.0 = Debug|Any CPU
		{1297A956-9D67-4B54-B916-E2EE01331649}.Release|Any CPU.ActiveCfg = Release|Any CPU
		{1297A956-9D67-4B54-B916-E2EE01331649}.Release|Any CPU.Build.0 = Release|Any CPU
		{1AB4E83F-6FAD-4F42-8137-56CF7874BF25}.Debug|Any CPU.ActiveCfg = Debug|Any CPU
		{1AB4E83F-6FAD-4F42-8137-56CF7874BF25}.Debug|Any CPU.Build.0 = Debug|Any CPU
		{1AB4E83F-6FAD-4F42-8137-56CF7874BF25}.Release|Any CPU.ActiveCfg = Release|Any CPU
		{1AB4E83F-6FAD-4F42-8137-56CF7874BF25}.Release|Any CPU.Build.0 = Release|Any CPU
		{0D8A88BE-B5DF-4194-A4D2-6389F31CC968}.Debug|Any CPU.ActiveCfg = Debug|Any CPU
		{0D8A88BE-B5DF-4194-A4D2-6389F31CC968}.Debug|Any CPU.Build.0 = Debug|Any CPU
		{0D8A88BE-B5DF-4194-A4D2-6389F31CC968}.Release|Any CPU.ActiveCfg = Release|Any CPU
		{0D8A88BE-B5DF-4194-A4D2-6389F31CC968}.Release|Any CPU.Build.0 = Release|Any CPU
		{1F85EE1C-AB24-4C34-813D-135D98F1623F}.Debug|Any CPU.ActiveCfg = Debug|Any CPU
		{1F85EE1C-AB24-4C34-813D-135D98F1623F}.Debug|Any CPU.Build.0 = Debug|Any CPU
		{1F85EE1C-AB24-4C34-813D-135D98F1623F}.Release|Any CPU.ActiveCfg = Release|Any CPU
		{1F85EE1C-AB24-4C34-813D-135D98F1623F}.Release|Any CPU.Build.0 = Release|Any CPU
		{E7B26A37-31BF-4AEE-A2DE-7E463A3A0859}.Debug|Any CPU.ActiveCfg = Debug|Any CPU
		{E7B26A37-31BF-4AEE-A2DE-7E463A3A0859}.Debug|Any CPU.Build.0 = Debug|Any CPU
		{E7B26A37-31BF-4AEE-A2DE-7E463A3A0859}.Release|Any CPU.ActiveCfg = Release|Any CPU
		{E7B26A37-31BF-4AEE-A2DE-7E463A3A0859}.Release|Any CPU.Build.0 = Release|Any CPU
		{30029BA3-30FA-4E50-9FE1-8C31FB23DF40}.Debug|Any CPU.ActiveCfg = Debug|Any CPU
		{30029BA3-30FA-4E50-9FE1-8C31FB23DF40}.Debug|Any CPU.Build.0 = Debug|Any CPU
		{30029BA3-30FA-4E50-9FE1-8C31FB23DF40}.Release|Any CPU.ActiveCfg = Release|Any CPU
		{30029BA3-30FA-4E50-9FE1-8C31FB23DF40}.Release|Any CPU.Build.0 = Release|Any CPU
	EndGlobalSection
	GlobalSection(SolutionProperties) = preSolution
		HideSolutionNode = FALSE
	EndGlobalSection
	GlobalSection(ExtensibilityGlobals) = postSolution
		SolutionGuid = {B231658F-96FF-4DB1-AFBD-B039652994DE}
	EndGlobalSection
EndGlobal
